// !$*UTF8*$!
{
	archiveVersion = 1;
	classes = {
	};
	objectVersion = 56;
	objects = {

/* Begin PBXBuildFile section */
		E2231D8A2B92741F00CE6526 /* AppDelegate.swift in Sources */ = {isa = PBXBuildFile; fileRef = E2231D892B92741F00CE6526 /* AppDelegate.swift */; };
		E2231D8C2B92741F00CE6526 /* SceneDelegate.swift in Sources */ = {isa = PBXBuildFile; fileRef = E2231D8B2B92741F00CE6526 /* SceneDelegate.swift */; };
		E2231D8E2B92741F00CE6526 /* ViewController.swift in Sources */ = {isa = PBXBuildFile; fileRef = E2231D8D2B92741F00CE6526 /* ViewController.swift */; };
		E2231D912B92741F00CE6526 /* Main.storyboard in Resources */ = {isa = PBXBuildFile; fileRef = E2231D8F2B92741F00CE6526 /* Main.storyboard */; };
		E2231D932B92742000CE6526 /* Assets.xcassets in Resources */ = {isa = PBXBuildFile; fileRef = E2231D922B92742000CE6526 /* Assets.xcassets */; };
		E2231D962B92742000CE6526 /* LaunchScreen.storyboard in Resources */ = {isa = PBXBuildFile; fileRef = E2231D942B92742000CE6526 /* LaunchScreen.storyboard */; };
		E2231D9F2B92745F00CE6526 /* FirebaseAnalytics in Frameworks */ = {isa = PBXBuildFile; productRef = E2231D9E2B92745F00CE6526 /* FirebaseAnalytics */; };
		E2231DA12B92745F00CE6526 /* FirebaseAnalyticsOnDeviceConversion in Frameworks */ = {isa = PBXBuildFile; productRef = E2231DA02B92745F00CE6526 /* FirebaseAnalyticsOnDeviceConversion */; };
		E2231DA32B92745F00CE6526 /* FirebaseAnalyticsSwift in Frameworks */ = {isa = PBXBuildFile; productRef = E2231DA22B92745F00CE6526 /* FirebaseAnalyticsSwift */; };
		E2231DA52B92745F00CE6526 /* FirebaseAnalyticsWithoutAdIdSupport in Frameworks */ = {isa = PBXBuildFile; productRef = E2231DA42B92745F00CE6526 /* FirebaseAnalyticsWithoutAdIdSupport */; };
		E2231DA72B92745F00CE6526 /* FirebaseAppCheck in Frameworks */ = {isa = PBXBuildFile; productRef = E2231DA62B92745F00CE6526 /* FirebaseAppCheck */; };
		E2231DAA2B92747100CE6526 /* Kingfisher in Frameworks */ = {isa = PBXBuildFile; productRef = E2231DA92B92747100CE6526 /* Kingfisher */; };
		E2231DAC2B92748300CE6526 /* GoogleService-Info.plist in Resources */ = {isa = PBXBuildFile; fileRef = E2231DAB2B92748300CE6526 /* GoogleService-Info.plist */; };
/* End PBXBuildFile section */

/* Begin PBXFileReference section */
		E2231D862B92741F00CE6526 /* LoodosMovieCase.app */ = {isa = PBXFileReference; explicitFileType = wrapper.application; includeInIndex = 0; path = LoodosMovieCase.app; sourceTree = BUILT_PRODUCTS_DIR; };
		E2231D892B92741F00CE6526 /* AppDelegate.swift */ = {isa = PBXFileReference; lastKnownFileType = sourcecode.swift; path = AppDelegate.swift; sourceTree = "<group>"; };
		E2231D8B2B92741F00CE6526 /* SceneDelegate.swift */ = {isa = PBXFileReference; lastKnownFileType = sourcecode.swift; path = SceneDelegate.swift; sourceTree = "<group>"; };
		E2231D8D2B92741F00CE6526 /* ViewController.swift */ = {isa = PBXFileReference; lastKnownFileType = sourcecode.swift; path = ViewController.swift; sourceTree = "<group>"; };
		E2231D902B92741F00CE6526 /* Base */ = {isa = PBXFileReference; lastKnownFileType = file.storyboard; name = Base; path = Base.lproj/Main.storyboard; sourceTree = "<group>"; };
		E2231D922B92742000CE6526 /* Assets.xcassets */ = {isa = PBXFileReference; lastKnownFileType = folder.assetcatalog; path = Assets.xcassets; sourceTree = "<group>"; };
		E2231D952B92742000CE6526 /* Base */ = {isa = PBXFileReference; lastKnownFileType = file.storyboard; name = Base; path = Base.lproj/LaunchScreen.storyboard; sourceTree = "<group>"; };
		E2231D972B92742000CE6526 /* Info.plist */ = {isa = PBXFileReference; lastKnownFileType = text.plist.xml; path = Info.plist; sourceTree = "<group>"; };
		E2231DAB2B92748300CE6526 /* GoogleService-Info.plist */ = {isa = PBXFileReference; fileEncoding = 4; lastKnownFileType = text.plist.xml; path = "GoogleService-Info.plist"; sourceTree = "<group>"; };
/* End PBXFileReference section */

/* Begin PBXFrameworksBuildPhase section */
		E2231D832B92741F00CE6526 /* Frameworks */ = {
			isa = PBXFrameworksBuildPhase;
			buildActionMask = 2147483647;
			files = (
				E2231DAA2B92747100CE6526 /* Kingfisher in Frameworks */,
				E2231DA32B92745F00CE6526 /* FirebaseAnalyticsSwift in Frameworks */,
				E2231D9F2B92745F00CE6526 /* FirebaseAnalytics in Frameworks */,
				E2231DA12B92745F00CE6526 /* FirebaseAnalyticsOnDeviceConversion in Frameworks */,
				E2231DA72B92745F00CE6526 /* FirebaseAppCheck in Frameworks */,
				E2231DA52B92745F00CE6526 /* FirebaseAnalyticsWithoutAdIdSupport in Frameworks */,
			);
			runOnlyForDeploymentPostprocessing = 0;
		};
/* End PBXFrameworksBuildPhase section */

/* Begin PBXGroup section */
		E2231D7D2B92741F00CE6526 = {
			isa = PBXGroup;
			children = (
				E2231D882B92741F00CE6526 /* LoodosMovieCase */,
				E2231D872B92741F00CE6526 /* Products */,
			);
			sourceTree = "<group>";
		};
		E2231D872B92741F00CE6526 /* Products */ = {
			isa = PBXGroup;
			children = (
				E2231D862B92741F00CE6526 /* LoodosMovieCase.app */,
			);
			name = Products;
			sourceTree = "<group>";
		};
		E2231D882B92741F00CE6526 /* LoodosMovieCase */ = {
			isa = PBXGroup;
			children = (
				E2231D892B92741F00CE6526 /* AppDelegate.swift */,
				E2231D8B2B92741F00CE6526 /* SceneDelegate.swift */,
				E2231D8D2B92741F00CE6526 /* ViewController.swift */,
				E2231D8F2B92741F00CE6526 /* Main.storyboard */,
				E2231D922B92742000CE6526 /* Assets.xcassets */,
				E2231D942B92742000CE6526 /* LaunchScreen.storyboard */,
				E2231D972B92742000CE6526 /* Info.plist */,
				E2231DAB2B92748300CE6526 /* GoogleService-Info.plist */,
			);
			path = LoodosMovieCase;
			sourceTree = "<group>";
		};
/* End PBXGroup section */

/* Begin PBXNativeTarget section */
		E2231D852B92741F00CE6526 /* LoodosMovieCase */ = {
			isa = PBXNativeTarget;
			buildConfigurationList = E2231D9A2B92742000CE6526 /* Build configuration list for PBXNativeTarget "LoodosMovieCase" */;
			buildPhases = (
				E2231D822B92741F00CE6526 /* Sources */,
				E2231D832B92741F00CE6526 /* Frameworks */,
				E2231D842B92741F00CE6526 /* Resources */,
			);
			buildRules = (
			);
			dependencies = (
			);
			name = LoodosMovieCase;
			packageProductDependencies = (
				E2231D9E2B92745F00CE6526 /* FirebaseAnalytics */,
				E2231DA02B92745F00CE6526 /* FirebaseAnalyticsOnDeviceConversion */,
				E2231DA22B92745F00CE6526 /* FirebaseAnalyticsSwift */,
				E2231DA42B92745F00CE6526 /* FirebaseAnalyticsWithoutAdIdSupport */,
				E2231DA62B92745F00CE6526 /* FirebaseAppCheck */,
				E2231DA92B92747100CE6526 /* Kingfisher */,
			);
			productName = LoodosMovieCase;
			productReference = E2231D862B92741F00CE6526 /* LoodosMovieCase.app */;
			productType = "com.apple.product-type.application";
		};
/* End PBXNativeTarget section */

/* Begin PBXProject section */
		E2231D7E2B92741F00CE6526 /* Project object */ = {
			isa = PBXProject;
			attributes = {
				BuildIndependentTargetsInParallel = 1;
				LastSwiftUpdateCheck = 1500;
				LastUpgradeCheck = 1500;
				TargetAttributes = {
					E2231D852B92741F00CE6526 = {
						CreatedOnToolsVersion = 15.0;
					};
				};
			};
			buildConfigurationList = E2231D812B92741F00CE6526 /* Build configuration list for PBXProject "LoodosMovieCase" */;
			compatibilityVersion = "Xcode 14.0";
			developmentRegion = en;
			hasScannedForEncodings = 0;
			knownRegions = (
				en,
				Base,
			);
			mainGroup = E2231D7D2B92741F00CE6526;
			packageReferences = (
				E2231D9D2B92745F00CE6526 /* XCRemoteSwiftPackageReference "firebase-ios-sdk" */,
				E2231DA82B92747100CE6526 /* XCRemoteSwiftPackageReference "Kingfisher" */,
			);
			productRefGroup = E2231D872B92741F00CE6526 /* Products */;
			projectDirPath = "";
			projectRoot = "";
			targets = (
				E2231D852B92741F00CE6526 /* LoodosMovieCase */,
			);
		};
/* End PBXProject section */

/* Begin PBXResourcesBuildPhase section */
		E2231D842B92741F00CE6526 /* Resources */ = {
			isa = PBXResourcesBuildPhase;
			buildActionMask = 2147483647;
			files = (
				E2231D962B92742000CE6526 /* LaunchScreen.storyboard in Resources */,
				E2231DAC2B92748300CE6526 /* GoogleService-Info.plist in Resources */,
				E2231D932B92742000CE6526 /* Assets.xcassets in Resources */,
				E2231D912B92741F00CE6526 /* Main.storyboard in Resources */,
			);
			runOnlyForDeploymentPostprocessing = 0;
		};
/* End PBXResourcesBuildPhase section */

/* Begin PBXSourcesBuildPhase section */
		E2231D822B92741F00CE6526 /* Sources */ = {
			isa = PBXSourcesBuildPhase;
			buildActionMask = 2147483647;
			files = (
				E2231D8E2B92741F00CE6526 /* ViewController.swift in Sources */,
				E2231D8A2B92741F00CE6526 /* AppDelegate.swift in Sources */,
				E2231D8C2B92741F00CE6526 /* SceneDelegate.swift in Sources */,
			);
			runOnlyForDeploymentPostprocessing = 0;
		};
/* End PBXSourcesBuildPhase section */

/* Begin PBXVariantGroup section */
		E2231D8F2B92741F00CE6526 /* Main.storyboard */ = {
			isa = PBXVariantGroup;
			children = (
				E2231D902B92741F00CE6526 /* Base */,
			);
			name = Main.storyboard;
			sourceTree = "<group>";
		};
		E2231D942B92742000CE6526 /* LaunchScreen.storyboard */ = {
			isa = PBXVariantGroup;
			children = (
				E2231D952B92742000CE6526 /* Base */,
			);
			name = LaunchScreen.storyboard;
			sourceTree = "<group>";
		};
/* End PBXVariantGroup section */

/* Begin XCBuildConfiguration section */
		E2231D982B92742000CE6526 /* Debug */ = {
			isa = XCBuildConfiguration;
			buildSettings = {
				ALWAYS_SEARCH_USER_PATHS = NO;
				ASSETCATALOG_COMPILER_GENERATE_SWIFT_ASSET_SYMBOL_EXTENSIONS = YES;
				CLANG_ANALYZER_NONNULL = YES;
				CLANG_ANALYZER_NUMBER_OBJECT_CONVERSION = YES_AGGRESSIVE;
				CLANG_CXX_LANGUAGE_STANDARD = "gnu++20";
				CLANG_ENABLE_MODULES = YES;
				CLANG_ENABLE_OBJC_ARC = YES;
				CLANG_ENABLE_OBJC_WEAK = YES;
				CLANG_WARN_BLOCK_CAPTURE_AUTORELEASING = YES;
				CLANG_WARN_BOOL_CONVERSION = YES;
				CLANG_WARN_COMMA = YES;
				CLANG_WARN_CONSTANT_CONVERSION = YES;
				CLANG_WARN_DEPRECATED_OBJC_IMPLEMENTATIONS = YES;
				CLANG_WARN_DIRECT_OBJC_ISA_USAGE = YES_ERROR;
				CLANG_WARN_DOCUMENTATION_COMMENTS = YES;
				CLANG_WARN_EMPTY_BODY = YES;
				CLANG_WARN_ENUM_CONVERSION = YES;
				CLANG_WARN_INFINITE_RECURSION = YES;
				CLANG_WARN_INT_CONVERSION = YES;
				CLANG_WARN_NON_LITERAL_NULL_CONVERSION = YES;
				CLANG_WARN_OBJC_IMPLICIT_RETAIN_SELF = YES;
				CLANG_WARN_OBJC_LITERAL_CONVERSION = YES;
				CLANG_WARN_OBJC_ROOT_CLASS = YES_ERROR;
				CLANG_WARN_QUOTED_INCLUDE_IN_FRAMEWORK_HEADER = YES;
				CLANG_WARN_RANGE_LOOP_ANALYSIS = YES;
				CLANG_WARN_STRICT_PROTOTYPES = YES;
				CLANG_WARN_SUSPICIOUS_MOVE = YES;
				CLANG_WARN_UNGUARDED_AVAILABILITY = YES_AGGRESSIVE;
				CLANG_WARN_UNREACHABLE_CODE = YES;
				CLANG_WARN__DUPLICATE_METHOD_MATCH = YES;
				COPY_PHASE_STRIP = NO;
				DEBUG_INFORMATION_FORMAT = dwarf;
				ENABLE_STRICT_OBJC_MSGSEND = YES;
				ENABLE_TESTABILITY = YES;
				ENABLE_USER_SCRIPT_SANDBOXING = YES;
				GCC_C_LANGUAGE_STANDARD = gnu17;
				GCC_DYNAMIC_NO_PIC = NO;
				GCC_NO_COMMON_BLOCKS = YES;
				GCC_OPTIMIZATION_LEVEL = 0;
				GCC_PREPROCESSOR_DEFINITIONS = (
					"DEBUG=1",
					"$(inherited)",
				);
				GCC_WARN_64_TO_32_BIT_CONVERSION = YES;
				GCC_WARN_ABOUT_RETURN_TYPE = YES_ERROR;
				GCC_WARN_UNDECLARED_SELECTOR = YES;
				GCC_WARN_UNINITIALIZED_AUTOS = YES_AGGRESSIVE;
				GCC_WARN_UNUSED_FUNCTION = YES;
				GCC_WARN_UNUSED_VARIABLE = YES;
				IPHONEOS_DEPLOYMENT_TARGET = 17.0;
				LOCALIZATION_PREFERS_STRING_CATALOGS = YES;
				MTL_ENABLE_DEBUG_INFO = INCLUDE_SOURCE;
				MTL_FAST_MATH = YES;
				ONLY_ACTIVE_ARCH = YES;
				SDKROOT = iphoneos;
				SWIFT_ACTIVE_COMPILATION_CONDITIONS = "DEBUG $(inherited)";
				SWIFT_OPTIMIZATION_LEVEL = "-Onone";
			};
			name = Debug;
		};
		E2231D992B92742000CE6526 /* Release */ = {
			isa = XCBuildConfiguration;
			buildSettings = {
				ALWAYS_SEARCH_USER_PATHS = NO;
				ASSETCATALOG_COMPILER_GENERATE_SWIFT_ASSET_SYMBOL_EXTENSIONS = YES;
				CLANG_ANALYZER_NONNULL = YES;
				CLANG_ANALYZER_NUMBER_OBJECT_CONVERSION = YES_AGGRESSIVE;
				CLANG_CXX_LANGUAGE_STANDARD = "gnu++20";
				CLANG_ENABLE_MODULES = YES;
				CLANG_ENABLE_OBJC_ARC = YES;
				CLANG_ENABLE_OBJC_WEAK = YES;
				CLANG_WARN_BLOCK_CAPTURE_AUTORELEASING = YES;
				CLANG_WARN_BOOL_CONVERSION = YES;
				CLANG_WARN_COMMA = YES;
				CLANG_WARN_CONSTANT_CONVERSION = YES;
				CLANG_WARN_DEPRECATED_OBJC_IMPLEMENTATIONS = YES;
				CLANG_WARN_DIRECT_OBJC_ISA_USAGE = YES_ERROR;
				CLANG_WARN_DOCUMENTATION_COMMENTS = YES;
				CLANG_WARN_EMPTY_BODY = YES;
				CLANG_WARN_ENUM_CONVERSION = YES;
				CLANG_WARN_INFINITE_RECURSION = YES;
				CLANG_WARN_INT_CONVERSION = YES;
				CLANG_WARN_NON_LITERAL_NULL_CONVERSION = YES;
				CLANG_WARN_OBJC_IMPLICIT_RETAIN_SELF = YES;
				CLANG_WARN_OBJC_LITERAL_CONVERSION = YES;
				CLANG_WARN_OBJC_ROOT_CLASS = YES_ERROR;
				CLANG_WARN_QUOTED_INCLUDE_IN_FRAMEWORK_HEADER = YES;
				CLANG_WARN_RANGE_LOOP_ANALYSIS = YES;
				CLANG_WARN_STRICT_PROTOTYPES = YES;
				CLANG_WARN_SUSPICIOUS_MOVE = YES;
				CLANG_WARN_UNGUARDED_AVAILABILITY = YES_AGGRESSIVE;
				CLANG_WARN_UNREACHABLE_CODE = YES;
				CLANG_WARN__DUPLICATE_METHOD_MATCH = YES;
				COPY_PHASE_STRIP = NO;
				DEBUG_INFORMATION_FORMAT = "dwarf-with-dsym";
				ENABLE_NS_ASSERTIONS = NO;
				ENABLE_STRICT_OBJC_MSGSEND = YES;
				ENABLE_USER_SCRIPT_SANDBOXING = YES;
				GCC_C_LANGUAGE_STANDARD = gnu17;
				GCC_NO_COMMON_BLOCKS = YES;
				GCC_WARN_64_TO_32_BIT_CONVERSION = YES;
				GCC_WARN_ABOUT_RETURN_TYPE = YES_ERROR;
				GCC_WARN_UNDECLARED_SELECTOR = YES;
				GCC_WARN_UNINITIALIZED_AUTOS = YES_AGGRESSIVE;
				GCC_WARN_UNUSED_FUNCTION = YES;
				GCC_WARN_UNUSED_VARIABLE = YES;
				IPHONEOS_DEPLOYMENT_TARGET = 17.0;
				LOCALIZATION_PREFERS_STRING_CATALOGS = YES;
				MTL_ENABLE_DEBUG_INFO = NO;
				MTL_FAST_MATH = YES;
				SDKROOT = iphoneos;
				SWIFT_COMPILATION_MODE = wholemodule;
				VALIDATE_PRODUCT = YES;
			};
			name = Release;
		};
		E2231D9B2B92742000CE6526 /* Debug */ = {
			isa = XCBuildConfiguration;
			buildSettings = {
				ASSETCATALOG_COMPILER_APPICON_NAME = AppIcon;
				ASSETCATALOG_COMPILER_GLOBAL_ACCENT_COLOR_NAME = AccentColor;
				CODE_SIGN_STYLE = Automatic;
				CURRENT_PROJECT_VERSION = 1;
				DEVELOPMENT_TEAM = 5T5Z33R245;
				GENERATE_INFOPLIST_FILE = YES;
				INFOPLIST_FILE = LoodosMovieCase/Info.plist;
				INFOPLIST_KEY_UIApplicationSupportsIndirectInputEvents = YES;
				INFOPLIST_KEY_UILaunchStoryboardName = LaunchScreen;
				INFOPLIST_KEY_UIMainStoryboardFile = Main;
				INFOPLIST_KEY_UISupportedInterfaceOrientations_iPad = "UIInterfaceOrientationPortrait UIInterfaceOrientationPortraitUpsideDown UIInterfaceOrientationLandscapeLeft UIInterfaceOrientationLandscapeRight";
				INFOPLIST_KEY_UISupportedInterfaceOrientations_iPhone = "UIInterfaceOrientationPortrait UIInterfaceOrientationLandscapeLeft UIInterfaceOrientationLandscapeRight";
				LD_RUNPATH_SEARCH_PATHS = (
					"$(inherited)",
					"@executable_path/Frameworks",
				);
				MARKETING_VERSION = 1.0;
				PRODUCT_BUNDLE_IDENTIFIER = mustafapekdemir.LoodosMovieCase;
				PRODUCT_NAME = "$(TARGET_NAME)";
				SWIFT_EMIT_LOC_STRINGS = YES;
				SWIFT_VERSION = 5.0;
				TARGETED_DEVICE_FAMILY = "1,2";
			};
			name = Debug;
		};
		E2231D9C2B92742000CE6526 /* Release */ = {
			isa = XCBuildConfiguration;
			buildSettings = {
				ASSETCATALOG_COMPILER_APPICON_NAME = AppIcon;
				ASSETCATALOG_COMPILER_GLOBAL_ACCENT_COLOR_NAME = AccentColor;
				CODE_SIGN_STYLE = Automatic;
				CURRENT_PROJECT_VERSION = 1;
				DEVELOPMENT_TEAM = 5T5Z33R245;
				GENERATE_INFOPLIST_FILE = YES;
				INFOPLIST_FILE = LoodosMovieCase/Info.plist;
				INFOPLIST_KEY_UIApplicationSupportsIndirectInputEvents = YES;
				INFOPLIST_KEY_UILaunchStoryboardName = LaunchScreen;
				INFOPLIST_KEY_UIMainStoryboardFile = Main;
				INFOPLIST_KEY_UISupportedInterfaceOrientations_iPad = "UIInterfaceOrientationPortrait UIInterfaceOrientationPortraitUpsideDown UIInterfaceOrientationLandscapeLeft UIInterfaceOrientationLandscapeRight";
				INFOPLIST_KEY_UISupportedInterfaceOrientations_iPhone = "UIInterfaceOrientationPortrait UIInterfaceOrientationLandscapeLeft UIInterfaceOrientationLandscapeRight";
				LD_RUNPATH_SEARCH_PATHS = (
					"$(inherited)",
					"@executable_path/Frameworks",
				);
				MARKETING_VERSION = 1.0;
				PRODUCT_BUNDLE_IDENTIFIER = mustafapekdemir.LoodosMovieCase;
				PRODUCT_NAME = "$(TARGET_NAME)";
				SWIFT_EMIT_LOC_STRINGS = YES;
				SWIFT_VERSION = 5.0;
				TARGETED_DEVICE_FAMILY = "1,2";
			};
			name = Release;
		};
/* End XCBuildConfiguration section */

/* Begin XCConfigurationList section */
		E2231D812B92741F00CE6526 /* Build configuration list for PBXProject "LoodosMovieCase" */ = {
			isa = XCConfigurationList;
			buildConfigurations = (
				E2231D982B92742000CE6526 /* Debug */,
				E2231D992B92742000CE6526 /* Release */,
			);
			defaultConfigurationIsVisible = 0;
			defaultConfigurationName = Release;
		};
		E2231D9A2B92742000CE6526 /* Build configuration list for PBXNativeTarget "LoodosMovieCase" */ = {
			isa = XCConfigurationList;
			buildConfigurations = (
				E2231D9B2B92742000CE6526 /* Debug */,
				E2231D9C2B92742000CE6526 /* Release */,
			);
			defaultConfigurationIsVisible = 0;
			defaultConfigurationName = Release;
		};
/* End XCConfigurationList section */

/* Begin XCRemoteSwiftPackageReference section */
		E2231D9D2B92745F00CE6526 /* XCRemoteSwiftPackageReference "firebase-ios-sdk" */ = {
			isa = XCRemoteSwiftPackageReference;
			repositoryURL = "https://github.com/firebase/firebase-ios-sdk";
			requirement = {
				kind = upToNextMajorVersion;
				minimumVersion = 10.21.0;
			};
		};
		E2231DA82B92747100CE6526 /* XCRemoteSwiftPackageReference "Kingfisher" */ = {
			isa = XCRemoteSwiftPackageReference;
			repositoryURL = "https://github.com/onevcat/Kingfisher.git";
			requirement = {
				kind = upToNextMajorVersion;
				minimumVersion = 7.11.0;
			};
		};
/* End XCRemoteSwiftPackageReference section */

/* Begin XCSwiftPackageProductDependency section */
		E2231D9E2B92745F00CE6526 /* FirebaseAnalytics */ = {
			isa = XCSwiftPackageProductDependency;
			package = E2231D9D2B92745F00CE6526 /* XCRemoteSwiftPackageReference "firebase-ios-sdk" */;
			productName = FirebaseAnalytics;
		};
		E2231DA02B92745F00CE6526 /* FirebaseAnalyticsOnDeviceConversion */ = {
			isa = XCSwiftPackageProductDependency;
			package = E2231D9D2B92745F00CE6526 /* XCRemoteSwiftPackageReference "firebase-ios-sdk" */;
			productName = FirebaseAnalyticsOnDeviceConversion;
		};
		E2231DA22B92745F00CE6526 /* FirebaseAnalyticsSwift */ = {
			isa = XCSwiftPackageProductDependency;
			package = E2231D9D2B92745F00CE6526 /* XCRemoteSwiftPackageReference "firebase-ios-sdk" */;
			productName = FirebaseAnalyticsSwift;
		};
		E2231DA42B92745F00CE6526 /* FirebaseAnalyticsWithoutAdIdSupport */ = {
			isa = XCSwiftPackageProductDependency;
			package = E2231D9D2B92745F00CE6526 /* XCRemoteSwiftPackageReference "firebase-ios-sdk" */;
			productName = FirebaseAnalyticsWithoutAdIdSupport;
		};
		E2231DA62B92745F00CE6526 /* FirebaseAppCheck */ = {
			isa = XCSwiftPackageProductDependency;
			package = E2231D9D2B92745F00CE6526 /* XCRemoteSwiftPackageReference "firebase-ios-sdk" */;
			productName = FirebaseAppCheck;
		};
		E2231DA92B92747100CE6526 /* Kingfisher */ = {
			isa = XCSwiftPackageProductDependency;
			package = E2231DA82B92747100CE6526 /* XCRemoteSwiftPackageReference "Kingfisher" */;
			productName = Kingfisher;
		};
/* End XCSwiftPackageProductDependency section */
	};
	rootObject = E2231D7E2B92741F00CE6526 /* Project object */;
}
